
Microsoft Visual Studio Solution File, Format Version 12.00
# Visual Studio Version 16
VisualStudioVersion = 16.0.29324.140
MinimumVisualStudioVersion = 10.0.40219.1
Project("{FAE04EC0-301F-11D3-BF4B-00C04F79EFBC}") = "OT2", "OT2\OT2.csproj", "{F246FA10-22A3-4517-A230-0742CC6B0912}"
EndProject
Global
	GlobalSection(SolutionConfigurationPlatforms) = preSolution
		Debug|Any CPU = Debug|Any CPU
		Release|Any CPU = Release|Any CPU
	EndGlobalSection
	GlobalSection(ProjectConfigurationPlatforms) = postSolution
		{F246FA10-22A3-4517-A230-0742CC6B0912}.Debug|Any CPU.ActiveCfg = Debug|Any CPU
		{F246FA10-22A3-4517-A230-0742CC6B0912}.Debug|Any CPU.Build.0 = Debug|Any CPU
		{F246FA10-22A3-4517-A230-0742CC6B0912}.Release|Any CPU.ActiveCfg = Release|Any CPU
		{F246FA10-22A3-4517-A230-0742CC6B0912}.Release|Any CPU.Build.0 = Release|Any CPU
	EndGlobalSection
	GlobalSection(SolutionProperties) = preSolution
		HideSolutionNode = FALSE
	EndGlobalSection
	GlobalSection(ExtensibilityGlobals) = postSolution
		SolutionGuid = {82AF0736-407A-4ADA-A483-60F0B3321431}
	EndGlobalSection
EndGlobal
